PODS:
  - ExpoFpCommon (4.2.8)
  - IndoorAtlas (3.6.4)

DEPENDENCIES:
  - ExpoFpCommon (= 4.2.8)
  - IndoorAtlas (~> 3.6)

SPEC REPOS:
  https://github.com/CocoaPods/Specs.git:
    - ExpoFpCommon
    - IndoorAtlas

SPEC CHECKSUMS:
  ExpoFpCommon: 96a3f4c3e5ed0036dea52e7d312f424a32f22561
  IndoorAtlas: 78c8db8dee8aae7cbe4c12d93a7534e11a09eca4

PODFILE CHECKSUM: f659e66222bfbec057c3f08eca526334ccf480ea

COCOAPODS: 1.12.1
