PODS:
  - ExpoFpCommon (3.0.8)
  - IndoorAtlas (3.5.5)

DEPENDENCIES:
  - ExpoFpCommon (= 3.0.8)
  - IndoorAtlas (= 3.5.5)

SPEC REPOS:
  https://github.com/CocoaPods/Specs.git:
    - ExpoFpCommon
    - IndoorAtlas

SPEC CHECKSUMS:
  ExpoFpCommon: 14e80290e2657af7497b1e941437ec0d26736c86
  IndoorAtlas: a0a7c89688f9a2514de7b564a5ee746c7491bbca

PODFILE CHECKSUM: c967734e060a97b7558536908ff64de1e66522ac

COCOAPODS: 1.11.3
