PODS:
  - ExpoFpCommon (4.2.2)
  - IndoorAtlas (3.6.3)

DEPENDENCIES:
  - ExpoFpCommon (= 4.2.2)
  - IndoorAtlas (~> 3.6)

SPEC REPOS:
  https://github.com/CocoaPods/Specs.git:
    - ExpoFpCommon
    - IndoorAtlas

SPEC CHECKSUMS:
  ExpoFpCommon: d76270b69d1bbe769d626ba1e554942bf22e91a4
  IndoorAtlas: d84e24bc8079e5525d606222abfb5c325c2b11e5

PODFILE CHECKSUM: 8557dccbcfdfe22427800856390afe7b68dd6b01

COCOAPODS: 1.12.1
