// !$*UTF8*$!
{
	archiveVersion = 1;
	classes = {
	};
	objectVersion = 56;
	objects = {

/* Begin PBXAggregateTarget section */
		E76B2EDD28E2362700A93DC9 /* BuildTarget */ = {
			isa = PBXAggregateTarget;
			buildConfigurationList = E76B2EE028E2362700A93DC9 /* Build configuration list for PBXAggregateTarget "BuildTarget" */;
			buildPhases = (
				E76B2EE128E2369400A93DC9 /* ShellScript */,
			);
			dependencies = (
			);
			name = BuildTarget;
			productName = BuildTarget;
		};
/* End PBXAggregateTarget section */

/* Begin PBXBuildFile section */
		E76B2EE328E236DC00A93DC9 /* Settings.swift in Sources */ = {isa = PBXBuildFile; fileRef = E76B2EE228E236DC00A93DC9 /* Settings.swift */; };
		E7E6F7DA28E214F0001234C1 /* IndoorAtlasProvider.swift in Sources */ = {isa = PBXBuildFile; fileRef = E7E6F7D928E214F0001234C1 /* IndoorAtlasProvider.swift */; };
		E80C129D9288D575F7472BEF /* Pods_ExpoFpIndoorAtlas.framework in Frameworks */ = {isa = PBXBuildFile; fileRef = D7AC4585748511B55326592F /* Pods_ExpoFpIndoorAtlas.framework */; };
/* End PBXBuildFile section */

/* Begin PBXFileReference section */
		69F22CC2999CAC2BD409066C /* Pods-ExpoFpIndoorAtlas.debug.xcconfig */ = {isa = PBXFileReference; includeInIndex = 1; lastKnownFileType = text.xcconfig; name = "Pods-ExpoFpIndoorAtlas.debug.xcconfig"; path = "Target Support Files/Pods-ExpoFpIndoorAtlas/Pods-ExpoFpIndoorAtlas.debug.xcconfig"; sourceTree = "<group>"; };
		6A26279E6C468354D26E7B97 /* Pods-ExpoFpIndoorAtlas.release.xcconfig */ = {isa = PBXFileReference; includeInIndex = 1; lastKnownFileType = text.xcconfig; name = "Pods-ExpoFpIndoorAtlas.release.xcconfig"; path = "Target Support Files/Pods-ExpoFpIndoorAtlas/Pods-ExpoFpIndoorAtlas.release.xcconfig"; sourceTree = "<group>"; };
		D7AC4585748511B55326592F /* Pods_ExpoFpIndoorAtlas.framework */ = {isa = PBXFileReference; explicitFileType = wrapper.framework; includeInIndex = 0; path = Pods_ExpoFpIndoorAtlas.framework; sourceTree = BUILT_PRODUCTS_DIR; };
		E76B2EE228E236DC00A93DC9 /* Settings.swift */ = {isa = PBXFileReference; lastKnownFileType = sourcecode.swift; path = Settings.swift; sourceTree = "<group>"; };
		E7E6F7CF28E21077001234C1 /* ExpoFpIndoorAtlas.framework */ = {isa = PBXFileReference; explicitFileType = wrapper.framework; includeInIndex = 0; path = ExpoFpIndoorAtlas.framework; sourceTree = BUILT_PRODUCTS_DIR; };
		E7E6F7D928E214F0001234C1 /* IndoorAtlasProvider.swift */ = {isa = PBXFileReference; lastKnownFileType = sourcecode.swift; path = IndoorAtlasProvider.swift; sourceTree = "<group>"; };
/* End PBXFileReference section */

/* Begin PBXFrameworksBuildPhase section */
		E7E6F7CC28E21077001234C1 /* Frameworks */ = {
			isa = PBXFrameworksBuildPhase;
			buildActionMask = 2147483647;
			files = (
				E80C129D9288D575F7472BEF /* Pods_ExpoFpIndoorAtlas.framework in Frameworks */,
			);
			runOnlyForDeploymentPostprocessing = 0;
		};
/* End PBXFrameworksBuildPhase section */

/* Begin PBXGroup section */
		BCC7131B0812793E0199AFAA /* Frameworks */ = {
			isa = PBXGroup;
			children = (
				D7AC4585748511B55326592F /* Pods_ExpoFpIndoorAtlas.framework */,
			);
			name = Frameworks;
			sourceTree = "<group>";
		};
		E7E6F7C528E21077001234C1 = {
			isa = PBXGroup;
			children = (
				E7E6F7D128E21077001234C1 /* ExpoFpIndoorAtlas */,
				E7E6F7D028E21077001234C1 /* Products */,
				F7D8A8ADBF8D236FC4210F93 /* Pods */,
				BCC7131B0812793E0199AFAA /* Frameworks */,
			);
			sourceTree = "<group>";
		};
		E7E6F7D028E21077001234C1 /* Products */ = {
			isa = PBXGroup;
			children = (
				E7E6F7CF28E21077001234C1 /* ExpoFpIndoorAtlas.framework */,
			);
			name = Products;
			sourceTree = "<group>";
		};
		E7E6F7D128E21077001234C1 /* ExpoFpIndoorAtlas */ = {
			isa = PBXGroup;
			children = (
				E7E6F7D928E214F0001234C1 /* IndoorAtlasProvider.swift */,
				E76B2EE228E236DC00A93DC9 /* Settings.swift */,
			);
			path = ExpoFpIndoorAtlas;
			sourceTree = "<group>";
		};
		F7D8A8ADBF8D236FC4210F93 /* Pods */ = {
			isa = PBXGroup;
			children = (
				69F22CC2999CAC2BD409066C /* Pods-ExpoFpIndoorAtlas.debug.xcconfig */,
				6A26279E6C468354D26E7B97 /* Pods-ExpoFpIndoorAtlas.release.xcconfig */,
			);
			path = Pods;
			sourceTree = "<group>";
		};
/* End PBXGroup section */

/* Begin PBXHeadersBuildPhase section */
		E7E6F7CA28E21077001234C1 /* Headers */ = {
			isa = PBXHeadersBuildPhase;
			buildActionMask = 2147483647;
			files = (
			);
			runOnlyForDeploymentPostprocessing = 0;
		};
/* End PBXHeadersBuildPhase section */

/* Begin PBXNativeTarget section */
		E7E6F7CE28E21077001234C1 /* ExpoFpIndoorAtlas */ = {
			isa = PBXNativeTarget;
			buildConfigurationList = E7E6F7D628E21077001234C1 /* Build configuration list for PBXNativeTarget "ExpoFpIndoorAtlas" */;
			buildPhases = (
				D3CEF3B0247ADB4851F9DF2C /* [CP] Check Pods Manifest.lock */,
				E7E6F7CA28E21077001234C1 /* Headers */,
				E7E6F7CB28E21077001234C1 /* Sources */,
				E7E6F7CC28E21077001234C1 /* Frameworks */,
				E7E6F7CD28E21077001234C1 /* Resources */,
			);
			buildRules = (
			);
			dependencies = (
			);
			name = ExpoFpIndoorAtlas;
			productName = ExpoFpIndoorAtlas;
			productReference = E7E6F7CF28E21077001234C1 /* ExpoFpIndoorAtlas.framework */;
			productType = "com.apple.product-type.framework";
		};
/* End PBXNativeTarget section */

/* Begin PBXProject section */
		E7E6F7C628E21077001234C1 /* Project object */ = {
			isa = PBXProject;
			attributes = {
				BuildIndependentTargetsInParallel = 1;
				KnownAssetTags = (
					New,
				);
				LastUpgradeCheck = 1340;
				TargetAttributes = {
					E76B2EDD28E2362700A93DC9 = {
						CreatedOnToolsVersion = 13.4.1;
						LastSwiftMigration = 1340;
					};
					E7E6F7CE28E21077001234C1 = {
						CreatedOnToolsVersion = 13.4.1;
						LastSwiftMigration = 1340;
					};
				};
			};
			buildConfigurationList = E7E6F7C928E21077001234C1 /* Build configuration list for PBXProject "ExpoFpIndoorAtlas" */;
			compatibilityVersion = "Xcode 14.0";
			developmentRegion = en;
			hasScannedForEncodings = 0;
			knownRegions = (
				en,
				Base,
			);
			mainGroup = E7E6F7C528E21077001234C1;
			productRefGroup = E7E6F7D028E21077001234C1 /* Products */;
			projectDirPath = "";
			projectRoot = "";
			targets = (
				E7E6F7CE28E21077001234C1 /* ExpoFpIndoorAtlas */,
				E76B2EDD28E2362700A93DC9 /* BuildTarget */,
			);
		};
/* End PBXProject section */

/* Begin PBXResourcesBuildPhase section */
		E7E6F7CD28E21077001234C1 /* Resources */ = {
			isa = PBXResourcesBuildPhase;
			buildActionMask = 2147483647;
			files = (
			);
			runOnlyForDeploymentPostprocessing = 0;
		};
/* End PBXResourcesBuildPhase section */

/* Begin PBXShellScriptBuildPhase section */
		D3CEF3B0247ADB4851F9DF2C /* [CP] Check Pods Manifest.lock */ = {
			isa = PBXShellScriptBuildPhase;
			buildActionMask = 2147483647;
			files = (
			);
			inputFileListPaths = (
			);
			inputPaths = (
				"${PODS_PODFILE_DIR_PATH}/Podfile.lock",
				"${PODS_ROOT}/Manifest.lock",
			);
			name = "[CP] Check Pods Manifest.lock";
			outputFileListPaths = (
			);
			outputPaths = (
				"$(DERIVED_FILE_DIR)/Pods-ExpoFpIndoorAtlas-checkManifestLockResult.txt",
			);
			runOnlyForDeploymentPostprocessing = 0;
			shellPath = /bin/sh;
			shellScript = "diff \"${PODS_PODFILE_DIR_PATH}/Podfile.lock\" \"${PODS_ROOT}/Manifest.lock\" > /dev/null\nif [ $? != 0 ] ; then\n    # print error to STDERR\n    echo \"error: The sandbox is not in sync with the Podfile.lock. Run 'pod install' or update your CocoaPods installation.\" >&2\n    exit 1\nfi\n# This output is used by Xcode 'outputs' to avoid re-running this script phase.\necho \"SUCCESS\" > \"${SCRIPT_OUTPUT_FILE_0}\"\n";
			showEnvVarsInLog = 0;
		};
		E76B2EE128E2369400A93DC9 /* ShellScript */ = {
			isa = PBXShellScriptBuildPhase;
			buildActionMask = 12;
			files = (
			);
			inputFileListPaths = (
			);
			inputPaths = (
			);
			outputFileListPaths = (
			);
			outputPaths = (
			);
			runOnlyForDeploymentPostprocessing = 0;
			shellPath = /bin/sh;
			shellScript = "SCHEME_NAME=\"ExpoFpIndoorAtlas\"\nFRAMEWORK_NAME=\"ExpoFpIndoorAtlas\"\nWORKSPACE_NAME=\"ExpoFpIndoorAtlas\"\nSIMULATOR_ARCHIVE_PATH=\"${BUILD_DIR}/${CONFIGURATION}/${FRAMEWORK_NAME}-iphonesimulator.xcarchive\"\nDEVICE_ARCHIVE_PATH=\"${BUILD_DIR}/${CONFIGURATION}/${FRAMEWORK_NAME}-iphoneos.xcarchive\"\nOUTPUT_DIC=\"./xcframework/\"\n# Simulator xcarchieve\n#  ARCHS=x86_64\nxcodebuild archive -workspace ${WORKSPACE_NAME}.xcworkspace \\\n  -scheme ${SCHEME_NAME} \\\n  -archivePath ${SIMULATOR_ARCHIVE_PATH} \\\n  -sdk iphonesimulator \\\n  -destination \"generic/platform=iOS Simulator\" \\\n  BUILD_LIBRARY_FOR_DISTRIBUTION=YES \\\n  SKIP_INSTALL=NO\n  # Device xcarchieve\nxcodebuild archive -workspace ${WORKSPACE_NAME}.xcworkspace \\\n  -scheme ${SCHEME_NAME} \\\n  -archivePath ${DEVICE_ARCHIVE_PATH} \\\n  -sdk iphoneos \\\n  -destination \"generic/platform=iOS\" \\\n  BUILD_LIBRARY_FOR_DISTRIBUTION=YES \\\n  SKIP_INSTALL=NO\n# Clean up old output directory\nrm -rf \"${OUTPUT_DIC}\"\n# Create xcframwork combine of all frameworks\nxcodebuild -create-xcframework \\\n  -framework ${SIMULATOR_ARCHIVE_PATH}/Products/Library/Frameworks/${FRAMEWORK_NAME}.framework \\\n  -framework ${DEVICE_ARCHIVE_PATH}/Products/Library/Frameworks/${FRAMEWORK_NAME}.framework \\\n  -output ${OUTPUT_DIC}/${FRAMEWORK_NAME}.xcframework\n";
		};
/* End PBXShellScriptBuildPhase section */

/* Begin PBXSourcesBuildPhase section */
		E7E6F7CB28E21077001234C1 /* Sources */ = {
			isa = PBXSourcesBuildPhase;
			buildActionMask = 2147483647;
			files = (
				E76B2EE328E236DC00A93DC9 /* Settings.swift in Sources */,
				E7E6F7DA28E214F0001234C1 /* IndoorAtlasProvider.swift in Sources */,
			);
			runOnlyForDeploymentPostprocessing = 0;
		};
/* End PBXSourcesBuildPhase section */

/* Begin XCBuildConfiguration section */
		E76B2EDE28E2362700A93DC9 /* Debug */ = {
			isa = XCBuildConfiguration;
			buildSettings = {
				BUILD_LIBRARY_FOR_DISTRIBUTION = YES;
				CLANG_ENABLE_MODULES = YES;
				CODE_SIGN_STYLE = Automatic;
				DEVELOPMENT_TEAM = 2TWXV89QU8;
				ENABLE_BITCODE = NO;
				LD_RUNPATH_SEARCH_PATHS = (
					"$(inherited)",
					"@executable_path/Frameworks",
					"@loader_path/Frameworks",
				);
				PRODUCT_NAME = "$(TARGET_NAME)";
				SWIFT_OPTIMIZATION_LEVEL = "-Onone";
				SWIFT_VERSION = 5.0;
			};
			name = Debug;
		};
		E76B2EDF28E2362700A93DC9 /* Release */ = {
			isa = XCBuildConfiguration;
			buildSettings = {
				BUILD_LIBRARY_FOR_DISTRIBUTION = YES;
				CLANG_ENABLE_MODULES = YES;
				CODE_SIGN_STYLE = Automatic;
				DEVELOPMENT_TEAM = 2TWXV89QU8;
				ENABLE_BITCODE = NO;
				LD_RUNPATH_SEARCH_PATHS = (
					"$(inherited)",
					"@executable_path/Frameworks",
					"@loader_path/Frameworks",
				);
				PRODUCT_NAME = "$(TARGET_NAME)";
				SWIFT_VERSION = 5.0;
			};
			name = Release;
		};
		E7E6F7D428E21077001234C1 /* Debug */ = {
			isa = XCBuildConfiguration;
			buildSettings = {
				ALWAYS_SEARCH_USER_PATHS = NO;
				BUILD_LIBRARY_FOR_DISTRIBUTION = YES;
				CLANG_ANALYZER_NONNULL = YES;
				CLANG_ANALYZER_NUMBER_OBJECT_CONVERSION = YES_AGGRESSIVE;
				CLANG_CXX_LANGUAGE_STANDARD = "gnu++17";
				CLANG_ENABLE_MODULES = YES;
				CLANG_ENABLE_OBJC_ARC = YES;
				CLANG_ENABLE_OBJC_WEAK = YES;
				CLANG_WARN_BLOCK_CAPTURE_AUTORELEASING = YES;
				CLANG_WARN_BOOL_CONVERSION = YES;
				CLANG_WARN_COMMA = YES;
				CLANG_WARN_CONSTANT_CONVERSION = YES;
				CLANG_WARN_DEPRECATED_OBJC_IMPLEMENTATIONS = YES;
				CLANG_WARN_DIRECT_OBJC_ISA_USAGE = YES_ERROR;
				CLANG_WARN_DOCUMENTATION_COMMENTS = YES;
				CLANG_WARN_EMPTY_BODY = YES;
				CLANG_WARN_ENUM_CONVERSION = YES;
				CLANG_WARN_INFINITE_RECURSION = YES;
				CLANG_WARN_INT_CONVERSION = YES;
				CLANG_WARN_NON_LITERAL_NULL_CONVERSION = YES;
				CLANG_WARN_OBJC_IMPLICIT_RETAIN_SELF = YES;
				CLANG_WARN_OBJC_LITERAL_CONVERSION = YES;
				CLANG_WARN_OBJC_ROOT_CLASS = YES_ERROR;
				CLANG_WARN_QUOTED_INCLUDE_IN_FRAMEWORK_HEADER = YES;
				CLANG_WARN_RANGE_LOOP_ANALYSIS = YES;
				CLANG_WARN_STRICT_PROTOTYPES = YES;
				CLANG_WARN_SUSPICIOUS_MOVE = YES;
				CLANG_WARN_UNGUARDED_AVAILABILITY = YES_AGGRESSIVE;
				CLANG_WARN_UNREACHABLE_CODE = YES;
				CLANG_WARN__DUPLICATE_METHOD_MATCH = YES;
				COPY_PHASE_STRIP = NO;
				CURRENT_PROJECT_VERSION = 1;
				DEBUG_INFORMATION_FORMAT = dwarf;
				ENABLE_BITCODE = NO;
				ENABLE_STRICT_OBJC_MSGSEND = YES;
				ENABLE_TESTABILITY = YES;
				"EXCLUDED_ARCHS[sdk=iphonesimulator*]" = arm64;
				GCC_C_LANGUAGE_STANDARD = gnu11;
				GCC_DYNAMIC_NO_PIC = NO;
				GCC_NO_COMMON_BLOCKS = YES;
				GCC_OPTIMIZATION_LEVEL = 0;
				GCC_PREPROCESSOR_DEFINITIONS = (
					"DEBUG=1",
					"$(inherited)",
				);
				GCC_WARN_64_TO_32_BIT_CONVERSION = YES;
				GCC_WARN_ABOUT_RETURN_TYPE = YES_ERROR;
				GCC_WARN_UNDECLARED_SELECTOR = YES;
				GCC_WARN_UNINITIALIZED_AUTOS = YES_AGGRESSIVE;
				GCC_WARN_UNUSED_FUNCTION = YES;
				GCC_WARN_UNUSED_VARIABLE = YES;
				IPHONEOS_DEPLOYMENT_TARGET = 14.0;
				MTL_ENABLE_DEBUG_INFO = INCLUDE_SOURCE;
				MTL_FAST_MATH = YES;
				ONLY_ACTIVE_ARCH = YES;
				SDKROOT = iphoneos;
				SWIFT_ACTIVE_COMPILATION_CONDITIONS = DEBUG;
				SWIFT_OPTIMIZATION_LEVEL = "-Onone";
				VERSIONING_SYSTEM = "apple-generic";
				VERSION_INFO_PREFIX = "";
			};
			name = Debug;
		};
		E7E6F7D528E21077001234C1 /* Release */ = {
			isa = XCBuildConfiguration;
			buildSettings = {
				ALWAYS_SEARCH_USER_PATHS = NO;
				BUILD_LIBRARY_FOR_DISTRIBUTION = YES;
				CLANG_ANALYZER_NONNULL = YES;
				CLANG_ANALYZER_NUMBER_OBJECT_CONVERSION = YES_AGGRESSIVE;
				CLANG_CXX_LANGUAGE_STANDARD = "gnu++17";
				CLANG_ENABLE_MODULES = YES;
				CLANG_ENABLE_OBJC_ARC = YES;
				CLANG_ENABLE_OBJC_WEAK = YES;
				CLANG_WARN_BLOCK_CAPTURE_AUTORELEASING = YES;
				CLANG_WARN_BOOL_CONVERSION = YES;
				CLANG_WARN_COMMA = YES;
				CLANG_WARN_CONSTANT_CONVERSION = YES;
				CLANG_WARN_DEPRECATED_OBJC_IMPLEMENTATIONS = YES;
				CLANG_WARN_DIRECT_OBJC_ISA_USAGE = YES_ERROR;
				CLANG_WARN_DOCUMENTATION_COMMENTS = YES;
				CLANG_WARN_EMPTY_BODY = YES;
				CLANG_WARN_ENUM_CONVERSION = YES;
				CLANG_WARN_INFINITE_RECURSION = YES;
				CLANG_WARN_INT_CONVERSION = YES;
				CLANG_WARN_NON_LITERAL_NULL_CONVERSION = YES;
				CLANG_WARN_OBJC_IMPLICIT_RETAIN_SELF = YES;
				CLANG_WARN_OBJC_LITERAL_CONVERSION = YES;
				CLANG_WARN_OBJC_ROOT_CLASS = YES_ERROR;
				CLANG_WARN_QUOTED_INCLUDE_IN_FRAMEWORK_HEADER = YES;
				CLANG_WARN_RANGE_LOOP_ANALYSIS = YES;
				CLANG_WARN_STRICT_PROTOTYPES = YES;
				CLANG_WARN_SUSPICIOUS_MOVE = YES;
				CLANG_WARN_UNGUARDED_AVAILABILITY = YES_AGGRESSIVE;
				CLANG_WARN_UNREACHABLE_CODE = YES;
				CLANG_WARN__DUPLICATE_METHOD_MATCH = YES;
				COPY_PHASE_STRIP = NO;
				CURRENT_PROJECT_VERSION = 1;
				DEBUG_INFORMATION_FORMAT = "dwarf-with-dsym";
				ENABLE_BITCODE = NO;
				ENABLE_NS_ASSERTIONS = NO;
				ENABLE_STRICT_OBJC_MSGSEND = YES;
				"EXCLUDED_ARCHS[sdk=iphonesimulator*]" = arm64;
				GCC_C_LANGUAGE_STANDARD = gnu11;
				GCC_NO_COMMON_BLOCKS = YES;
				GCC_WARN_64_TO_32_BIT_CONVERSION = YES;
				GCC_WARN_ABOUT_RETURN_TYPE = YES_ERROR;
				GCC_WARN_UNDECLARED_SELECTOR = YES;
				GCC_WARN_UNINITIALIZED_AUTOS = YES_AGGRESSIVE;
				GCC_WARN_UNUSED_FUNCTION = YES;
				GCC_WARN_UNUSED_VARIABLE = YES;
				IPHONEOS_DEPLOYMENT_TARGET = 14.0;
				MTL_ENABLE_DEBUG_INFO = NO;
				MTL_FAST_MATH = YES;
				SDKROOT = iphoneos;
				SWIFT_COMPILATION_MODE = wholemodule;
				SWIFT_OPTIMIZATION_LEVEL = "-O";
				VALIDATE_PRODUCT = YES;
				VERSIONING_SYSTEM = "apple-generic";
				VERSION_INFO_PREFIX = "";
			};
			name = Release;
		};
		E7E6F7D728E21077001234C1 /* Debug */ = {
			isa = XCBuildConfiguration;
			baseConfigurationReference = 69F22CC2999CAC2BD409066C /* Pods-ExpoFpIndoorAtlas.debug.xcconfig */;
			buildSettings = {
				CLANG_ENABLE_MODULES = YES;
				CODE_SIGN_STYLE = Automatic;
				CURRENT_PROJECT_VERSION = 1;
				DEFINES_MODULE = YES;
				DEVELOPMENT_TEAM = 2TWXV89QU8;
				DYLIB_COMPATIBILITY_VERSION = 1;
				DYLIB_CURRENT_VERSION = 1;
				DYLIB_INSTALL_NAME_BASE = "@rpath";
				ENABLE_BITCODE = NO;
				GENERATE_INFOPLIST_FILE = YES;
				INFOPLIST_FILE = ExpoFpIndoorAtlas/Info.plist;
				INFOPLIST_KEY_CFBundleDisplayName = "";
				INFOPLIST_KEY_LSApplicationCategoryType = "";
				INFOPLIST_KEY_NSBluetoothAlwaysUsageDescription = "Bluetooth requested for better positioning experience.";
				INFOPLIST_KEY_NSBluetoothPeripheralUsageDescription = "Bluetooth requested for better positioning experience.";
				INFOPLIST_KEY_NSHumanReadableCopyright = "";
				INFOPLIST_KEY_NSLocationAlwaysAndWhenInUseUsageDescription = "Platform location requested for better positioning experience.";
				INFOPLIST_KEY_NSLocationWhenInUseUsageDescription = "Platform location requested for better positioning experience.";
				INFOPLIST_KEY_NSMotionUsageDescription = "For better indoor positioning.";
				INSTALL_PATH = "$(LOCAL_LIBRARY_DIR)/Frameworks";
				LD_RUNPATH_SEARCH_PATHS = (
					"$(inherited)",
					"@executable_path/Frameworks",
					"@loader_path/Frameworks",
				);
				MARKETING_VERSION = 1.0;
				PRODUCT_BUNDLE_IDENTIFIER = com.expofp.ExpoFpIndoorAtlas;
				PRODUCT_NAME = "$(TARGET_NAME:c99extidentifier)";
				SKIP_INSTALL = YES;
				SUPPORTS_MACCATALYST = NO;
				SWIFT_EMIT_LOC_STRINGS = YES;
				SWIFT_OPTIMIZATION_LEVEL = "-Onone";
				SWIFT_VERSION = 5.0;
				TARGETED_DEVICE_FAMILY = "1,2";
			};
			name = Debug;
		};
		E7E6F7D828E21077001234C1 /* Release */ = {
			isa = XCBuildConfiguration;
			baseConfigurationReference = 6A26279E6C468354D26E7B97 /* Pods-ExpoFpIndoorAtlas.release.xcconfig */;
			buildSettings = {
				CLANG_ENABLE_MODULES = YES;
				CODE_SIGN_STYLE = Automatic;
				CURRENT_PROJECT_VERSION = 1;
				DEFINES_MODULE = YES;
				DEVELOPMENT_TEAM = 2TWXV89QU8;
				DYLIB_COMPATIBILITY_VERSION = 1;
				DYLIB_CURRENT_VERSION = 1;
				DYLIB_INSTALL_NAME_BASE = "@rpath";
				ENABLE_BITCODE = NO;
				GENERATE_INFOPLIST_FILE = YES;
				INFOPLIST_FILE = ExpoFpIndoorAtlas/Info.plist;
				INFOPLIST_KEY_CFBundleDisplayName = "";
				INFOPLIST_KEY_LSApplicationCategoryType = "";
				INFOPLIST_KEY_NSBluetoothAlwaysUsageDescription = "Bluetooth requested for better positioning experience.";
				INFOPLIST_KEY_NSBluetoothPeripheralUsageDescription = "Bluetooth requested for better positioning experience.";
				INFOPLIST_KEY_NSHumanReadableCopyright = "";
				INFOPLIST_KEY_NSLocationAlwaysAndWhenInUseUsageDescription = "Platform location requested for better positioning experience.";
				INFOPLIST_KEY_NSLocationWhenInUseUsageDescription = "Platform location requested for better positioning experience.";
				INFOPLIST_KEY_NSMotionUsageDescription = "For better indoor positioning.";
				INSTALL_PATH = "$(LOCAL_LIBRARY_DIR)/Frameworks";
				LD_RUNPATH_SEARCH_PATHS = (
					"$(inherited)",
					"@executable_path/Frameworks",
					"@loader_path/Frameworks",
				);
				MARKETING_VERSION = 1.0;
				PRODUCT_BUNDLE_IDENTIFIER = com.expofp.ExpoFpIndoorAtlas;
				PRODUCT_NAME = "$(TARGET_NAME:c99extidentifier)";
				SKIP_INSTALL = YES;
				SUPPORTS_MACCATALYST = NO;
				SWIFT_EMIT_LOC_STRINGS = YES;
				SWIFT_VERSION = 5.0;
				TARGETED_DEVICE_FAMILY = "1,2";
			};
			name = Release;
		};
/* End XCBuildConfiguration section */

/* Begin XCConfigurationList section */
		E76B2EE028E2362700A93DC9 /* Build configuration list for PBXAggregateTarget "BuildTarget" */ = {
			isa = XCConfigurationList;
			buildConfigurations = (
				E76B2EDE28E2362700A93DC9 /* Debug */,
				E76B2EDF28E2362700A93DC9 /* Release */,
			);
			defaultConfigurationIsVisible = 0;
			defaultConfigurationName = Release;
		};
		E7E6F7C928E21077001234C1 /* Build configuration list for PBXProject "ExpoFpIndoorAtlas" */ = {
			isa = XCConfigurationList;
			buildConfigurations = (
				E7E6F7D428E21077001234C1 /* Debug */,
				E7E6F7D528E21077001234C1 /* Release */,
			);
			defaultConfigurationIsVisible = 0;
			defaultConfigurationName = Release;
		};
		E7E6F7D628E21077001234C1 /* Build configuration list for PBXNativeTarget "ExpoFpIndoorAtlas" */ = {
			isa = XCConfigurationList;
			buildConfigurations = (
				E7E6F7D728E21077001234C1 /* Debug */,
				E7E6F7D828E21077001234C1 /* Release */,
			);
			defaultConfigurationIsVisible = 0;
			defaultConfigurationName = Release;
		};
/* End XCConfigurationList section */
	};
	rootObject = E7E6F7C628E21077001234C1 /* Project object */;
}
